
Microsoft Visual Studio Solution File, Format Version 12.00
# Visual Studio Version 16
VisualStudioVersion = 16.0.30114.105
MinimumVisualStudioVersion = 10.0.40219.1
Project("{9A19103F-16F7-4668-BE54-9A1E7A4F7556}") = "WslDockerTool.Shared", "WslDockerTool.Shared\WslDockerTool.Shared.csproj", "{503A9903-FFC6-40AA-AC29-482D74A45BD5}"
EndProject
Project("{9A19103F-16F7-4668-BE54-9A1E7A4F7556}") = "WslDockerTool.Net5", "WslDockerTool.Net5\WslDockerTool.Net5.csproj", "{EE91971B-D261-4950-9D71-4F67929F4223}"
EndProject
Project("{FAE04EC0-301F-11D3-BF4B-00C04F79EFBC}") = "WslDockerTool.Shared.Test", "WslDockerTool.Shared.Test\WslDockerTool.Shared.Test.csproj", "{99E52592-5A86-4992-ACFA-6D85ADC128AE}"
EndProject
Global
	GlobalSection(SolutionConfigurationPlatforms) = preSolution
		Debug|Any CPU = Debug|Any CPU
		Debug|x64 = Debug|x64
		Debug|x86 = Debug|x86
		Release|Any CPU = Release|Any CPU
		Release|x64 = Release|x64
		Release|x86 = Release|x86
	EndGlobalSection
	GlobalSection(ProjectConfigurationPlatforms) = postSolution
		{503A9903-FFC6-40AA-AC29-482D74A45BD5}.Debug|Any CPU.ActiveCfg = Debug|Any CPU
		{503A9903-FFC6-40AA-AC29-482D74A45BD5}.Debug|Any CPU.Build.0 = Debug|Any CPU
		{503A9903-FFC6-40AA-AC29-482D74A45BD5}.Debug|x64.ActiveCfg = Debug|Any CPU
		{503A9903-FFC6-40AA-AC29-482D74A45BD5}.Debug|x64.Build.0 = Debug|Any CPU
		{503A9903-FFC6-40AA-AC29-482D74A45BD5}.Debug|x86.ActiveCfg = Debug|Any CPU
		{503A9903-FFC6-40AA-AC29-482D74A45BD5}.Debug|x86.Build.0 = Debug|Any CPU
		{503A9903-FFC6-40AA-AC29-482D74A45BD5}.Release|Any CPU.ActiveCfg = Release|Any CPU
		{503A9903-FFC6-40AA-AC29-482D74A45BD5}.Release|Any CPU.Build.0 = Release|Any CPU
		{503A9903-FFC6-40AA-AC29-482D74A45BD5}.Release|x64.ActiveCfg = Release|Any CPU
		{503A9903-FFC6-40AA-AC29-482D74A45BD5}.Release|x64.Build.0 = Release|Any CPU
		{503A9903-FFC6-40AA-AC29-482D74A45BD5}.Release|x86.ActiveCfg = Release|Any CPU
		{503A9903-FFC6-40AA-AC29-482D74A45BD5}.Release|x86.Build.0 = Release|Any CPU
		{EE91971B-D261-4950-9D71-4F67929F4223}.Debug|Any CPU.ActiveCfg = Debug|Any CPU
		{EE91971B-D261-4950-9D71-4F67929F4223}.Debug|Any CPU.Build.0 = Debug|Any CPU
		{EE91971B-D261-4950-9D71-4F67929F4223}.Debug|x64.ActiveCfg = Debug|Any CPU
		{EE91971B-D261-4950-9D71-4F67929F4223}.Debug|x64.Build.0 = Debug|Any CPU
		{EE91971B-D261-4950-9D71-4F67929F4223}.Debug|x86.ActiveCfg = Debug|Any CPU
		{EE91971B-D261-4950-9D71-4F67929F4223}.Debug|x86.Build.0 = Debug|Any CPU
		{EE91971B-D261-4950-9D71-4F67929F4223}.Release|Any CPU.ActiveCfg = Release|Any CPU
		{EE91971B-D261-4950-9D71-4F67929F4223}.Release|Any CPU.Build.0 = Release|Any CPU
		{EE91971B-D261-4950-9D71-4F67929F4223}.Release|x64.ActiveCfg = Release|Any CPU
		{EE91971B-D261-4950-9D71-4F67929F4223}.Release|x64.Build.0 = Release|Any CPU
		{EE91971B-D261-4950-9D71-4F67929F4223}.Release|x86.ActiveCfg = Release|Any CPU
		{EE91971B-D261-4950-9D71-4F67929F4223}.Release|x86.Build.0 = Release|Any CPU
		{99E52592-5A86-4992-ACFA-6D85ADC128AE}.Debug|Any CPU.ActiveCfg = Debug|Any CPU
		{99E52592-5A86-4992-ACFA-6D85ADC128AE}.Debug|Any CPU.Build.0 = Debug|Any CPU
		{99E52592-5A86-4992-ACFA-6D85ADC128AE}.Debug|x64.ActiveCfg = Debug|Any CPU
		{99E52592-5A86-4992-ACFA-6D85ADC128AE}.Debug|x64.Build.0 = Debug|Any CPU
		{99E52592-5A86-4992-ACFA-6D85ADC128AE}.Debug|x86.ActiveCfg = Debug|Any CPU
		{99E52592-5A86-4992-ACFA-6D85ADC128AE}.Debug|x86.Build.0 = Debug|Any CPU
		{99E52592-5A86-4992-ACFA-6D85ADC128AE}.Release|Any CPU.ActiveCfg = Release|Any CPU
		{99E52592-5A86-4992-ACFA-6D85ADC128AE}.Release|Any CPU.Build.0 = Release|Any CPU
		{99E52592-5A86-4992-ACFA-6D85ADC128AE}.Release|x64.ActiveCfg = Release|Any CPU
		{99E52592-5A86-4992-ACFA-6D85ADC128AE}.Release|x64.Build.0 = Release|Any CPU
		{99E52592-5A86-4992-ACFA-6D85ADC128AE}.Release|x86.ActiveCfg = Release|Any CPU
		{99E52592-5A86-4992-ACFA-6D85ADC128AE}.Release|x86.Build.0 = Release|Any CPU
	EndGlobalSection
	GlobalSection(SolutionProperties) = preSolution
		HideSolutionNode = FALSE
	EndGlobalSection
	GlobalSection(ExtensibilityGlobals) = postSolution
		SolutionGuid = {B13E8AE7-2DB1-4AA6-986C-79A3F1951EB4}
	EndGlobalSection
EndGlobal
